// !$*UTF8*$!
{
	archiveVersion = 1;
	classes = {
	};
	objectVersion = 52;
	objects = {

/* Begin PBXBuildFile section */
		8A6ED40B26445F1D00967398 /* GlobalSelection.h in Headers */ = {isa = PBXBuildFile; fileRef = 8A6ED40926445F1D00967398 /* GlobalSelection.h */; settings = {ATTRIBUTES = (Public, ); }; };
		8A6ED40E26445F1D00967398 /* GlobalSelection.framework in Frameworks */ = {isa = PBXBuildFile; fileRef = 8A6ED40726445F1D00967398 /* GlobalSelection.framework */; };
		8A6ED40F26445F1D00967398 /* GlobalSelection.framework in Embed Frameworks */ = {isa = PBXBuildFile; fileRef = 8A6ED40726445F1D00967398 /* GlobalSelection.framework */; settings = {ATTRIBUTES = (CodeSignOnCopy, RemoveHeadersOnCopy, ); }; };
		8A6ED41426445F3200967398 /* SelectionWindow.swift in Sources */ = {isa = PBXBuildFile; fileRef = 8A6ED40026445BE200967398 /* SelectionWindow.swift */; };
		8A6ED41526445F3200967398 /* SelectionHandler.swift in Sources */ = {isa = PBXBuildFile; fileRef = 8AC338D126433EE800577BA3 /* SelectionHandler.swift */; };
		8A6ED41626445F3200967398 /* SelectionView.swift in Sources */ = {isa = PBXBuildFile; fileRef = 8A6ED3FD264458B600967398 /* SelectionView.swift */; };
		8AC338D026433E4E00577BA3 /* MainMenu.xib in Resources */ = {isa = PBXBuildFile; fileRef = 8AC338CF26433E4E00577BA3 /* MainMenu.xib */; };
		8AF8933026447C0200087DBA /* Preferences.storyboard in Resources */ = {isa = PBXBuildFile; fileRef = 8AF8932F26447C0200087DBA /* Preferences.storyboard */; };
		8AF8933326447C1900087DBA /* PreferencesViewController.swift in Sources */ = {isa = PBXBuildFile; fileRef = 8AF8933226447C1900087DBA /* PreferencesViewController.swift */; };
		8AF89335264482B600087DBA /* StatusBarManager.swift in Sources */ = {isa = PBXBuildFile; fileRef = 8AF89334264482B600087DBA /* StatusBarManager.swift */; };
		8AF893382646098600087DBA /* HotKey.xcframework in Frameworks */ = {isa = PBXBuildFile; fileRef = 8AF893372646098600087DBA /* HotKey.xcframework */; };
		8AF893392646098600087DBA /* HotKey.xcframework in Embed Frameworks */ = {isa = PBXBuildFile; fileRef = 8AF893372646098600087DBA /* HotKey.xcframework */; settings = {ATTRIBUTES = (CodeSignOnCopy, RemoveHeadersOnCopy, ); }; };
		8AF8933E26460B1F00087DBA /* Storage.swift in Sources */ = {isa = PBXBuildFile; fileRef = 8AF8933D26460B1F00087DBA /* Storage.swift */; };
		8AF8934026460B3E00087DBA /* GlobalKeybindPreferences.swift in Sources */ = {isa = PBXBuildFile; fileRef = 8AF8933F26460B3E00087DBA /* GlobalKeybindPreferences.swift */; };
		8AF8934226460E6A00087DBA /* PreferencesWindow.swift in Sources */ = {isa = PBXBuildFile; fileRef = 8AF8934126460E6A00087DBA /* PreferencesWindow.swift */; };
		8AF893442646136D00087DBA /* KeyBindField.swift in Sources */ = {isa = PBXBuildFile; fileRef = 8AF893432646136D00087DBA /* KeyBindField.swift */; };
		8AFB384426431586007943DC /* AppDelegate.swift in Sources */ = {isa = PBXBuildFile; fileRef = 8AFB384326431586007943DC /* AppDelegate.swift */; };
		8AFB384826431588007943DC /* Assets.xcassets in Resources */ = {isa = PBXBuildFile; fileRef = 8AFB384726431588007943DC /* Assets.xcassets */; };
		8AFD1A0826446813004AAECE /* PreviewWindow.swift in Sources */ = {isa = PBXBuildFile; fileRef = 8AFD1A0726446813004AAECE /* PreviewWindow.swift */; };
		8AFD1A0A26446B8E004AAECE /* PreviewImageView.swift in Sources */ = {isa = PBXBuildFile; fileRef = 8AFD1A0926446B8E004AAECE /* PreviewImageView.swift */; };
		8AFD1A0E26446BEC004AAECE /* Extensions.swift in Sources */ = {isa = PBXBuildFile; fileRef = 8AFD1A0D26446BEC004AAECE /* Extensions.swift */; };
/* End PBXBuildFile section */

/* Begin PBXContainerItemProxy section */
		8A6ED40C26445F1D00967398 /* PBXContainerItemProxy */ = {
			isa = PBXContainerItemProxy;
			containerPortal = 8AFB383826431586007943DC /* Project object */;
			proxyType = 1;
			remoteGlobalIDString = 8A6ED40626445F1D00967398;
			remoteInfo = GlobalSelection;
		};
/* End PBXContainerItemProxy section */

/* Begin PBXCopyFilesBuildPhase section */
		8A6ED41326445F1D00967398 /* Embed Frameworks */ = {
			isa = PBXCopyFilesBuildPhase;
			buildActionMask = 2147483647;
			dstPath = "";
			dstSubfolderSpec = 10;
			files = (
				8A6ED40F26445F1D00967398 /* GlobalSelection.framework in Embed Frameworks */,
				8AF893392646098600087DBA /* HotKey.xcframework in Embed Frameworks */,
			);
			name = "Embed Frameworks";
			runOnlyForDeploymentPostprocessing = 0;
		};
/* End PBXCopyFilesBuildPhase section */

/* Begin PBXFileReference section */
		8A6ED3FD264458B600967398 /* SelectionView.swift */ = {isa = PBXFileReference; lastKnownFileType = sourcecode.swift; path = SelectionView.swift; sourceTree = "<group>"; };
		8A6ED40026445BE200967398 /* SelectionWindow.swift */ = {isa = PBXFileReference; lastKnownFileType = sourcecode.swift; path = SelectionWindow.swift; sourceTree = "<group>"; };
		8A6ED40726445F1D00967398 /* GlobalSelection.framework */ = {isa = PBXFileReference; explicitFileType = wrapper.framework; includeInIndex = 0; path = GlobalSelection.framework; sourceTree = BUILT_PRODUCTS_DIR; };
		8A6ED40926445F1D00967398 /* GlobalSelection.h */ = {isa = PBXFileReference; lastKnownFileType = sourcecode.c.h; path = GlobalSelection.h; sourceTree = "<group>"; };
		8A6ED40A26445F1D00967398 /* Info.plist */ = {isa = PBXFileReference; lastKnownFileType = text.plist.xml; path = Info.plist; sourceTree = "<group>"; };
		8AC338CF26433E4E00577BA3 /* MainMenu.xib */ = {isa = PBXFileReference; lastKnownFileType = file.xib; path = MainMenu.xib; sourceTree = "<group>"; };
		8AC338D126433EE800577BA3 /* SelectionHandler.swift */ = {isa = PBXFileReference; lastKnownFileType = sourcecode.swift; path = SelectionHandler.swift; sourceTree = "<group>"; };
		8AF8932F26447C0200087DBA /* Preferences.storyboard */ = {isa = PBXFileReference; lastKnownFileType = file.storyboard; path = Preferences.storyboard; sourceTree = "<group>"; };
		8AF8933226447C1900087DBA /* PreferencesViewController.swift */ = {isa = PBXFileReference; lastKnownFileType = sourcecode.swift; path = PreferencesViewController.swift; sourceTree = "<group>"; };
		8AF89334264482B600087DBA /* StatusBarManager.swift */ = {isa = PBXFileReference; lastKnownFileType = sourcecode.swift; path = StatusBarManager.swift; sourceTree = "<group>"; };
		8AF893372646098600087DBA /* HotKey.xcframework */ = {isa = PBXFileReference; lastKnownFileType = wrapper.xcframework; name = HotKey.xcframework; path = Carthage/Build/HotKey.xcframework; sourceTree = "<group>"; };
		8AF8933D26460B1F00087DBA /* Storage.swift */ = {isa = PBXFileReference; lastKnownFileType = sourcecode.swift; path = Storage.swift; sourceTree = "<group>"; };
		8AF8933F26460B3E00087DBA /* GlobalKeybindPreferences.swift */ = {isa = PBXFileReference; lastKnownFileType = sourcecode.swift; path = GlobalKeybindPreferences.swift; sourceTree = "<group>"; };
		8AF8934126460E6A00087DBA /* PreferencesWindow.swift */ = {isa = PBXFileReference; lastKnownFileType = sourcecode.swift; path = PreferencesWindow.swift; sourceTree = "<group>"; };
		8AF893432646136D00087DBA /* KeyBindField.swift */ = {isa = PBXFileReference; lastKnownFileType = sourcecode.swift; path = KeyBindField.swift; sourceTree = "<group>"; };
		8AFB384026431586007943DC /* TextEater.app */ = {isa = PBXFileReference; explicitFileType = wrapper.application; includeInIndex = 0; path = TextEater.app; sourceTree = BUILT_PRODUCTS_DIR; };
		8AFB384326431586007943DC /* AppDelegate.swift */ = {isa = PBXFileReference; lastKnownFileType = sourcecode.swift; path = AppDelegate.swift; sourceTree = "<group>"; };
		8AFB384726431588007943DC /* Assets.xcassets */ = {isa = PBXFileReference; lastKnownFileType = folder.assetcatalog; path = Assets.xcassets; sourceTree = "<group>"; };
		8AFB384C26431588007943DC /* Info.plist */ = {isa = PBXFileReference; lastKnownFileType = text.plist.xml; path = Info.plist; sourceTree = "<group>"; };
		8AFB384D26431588007943DC /* TextEater.entitlements */ = {isa = PBXFileReference; lastKnownFileType = text.plist.entitlements; path = TextEater.entitlements; sourceTree = "<group>"; };
		8AFD1A0726446813004AAECE /* PreviewWindow.swift */ = {isa = PBXFileReference; lastKnownFileType = sourcecode.swift; path = PreviewWindow.swift; sourceTree = "<group>"; };
		8AFD1A0926446B8E004AAECE /* PreviewImageView.swift */ = {isa = PBXFileReference; lastKnownFileType = sourcecode.swift; path = PreviewImageView.swift; sourceTree = "<group>"; };
		8AFD1A0D26446BEC004AAECE /* Extensions.swift */ = {isa = PBXFileReference; lastKnownFileType = sourcecode.swift; path = Extensions.swift; sourceTree = "<group>"; };
/* End PBXFileReference section */

/* Begin PBXFrameworksBuildPhase section */
		8A6ED40426445F1D00967398 /* Frameworks */ = {
			isa = PBXFrameworksBuildPhase;
			buildActionMask = 2147483647;
			files = (
			);
			runOnlyForDeploymentPostprocessing = 0;
		};
		8AFB383D26431586007943DC /* Frameworks */ = {
			isa = PBXFrameworksBuildPhase;
			buildActionMask = 2147483647;
			files = (
				8A6ED40E26445F1D00967398 /* GlobalSelection.framework in Frameworks */,
				8AF893382646098600087DBA /* HotKey.xcframework in Frameworks */,
			);
			runOnlyForDeploymentPostprocessing = 0;
		};
/* End PBXFrameworksBuildPhase section */

/* Begin PBXGroup section */
		8A6ED40826445F1D00967398 /* GlobalSelection */ = {
			isa = PBXGroup;
			children = (
				8AFD1A0D26446BEC004AAECE /* Extensions.swift */,
				8AFD1A0B26446B92004AAECE /* Preview */,
				8AFD1A0C26446B98004AAECE /* Selection */,
				8A6ED40926445F1D00967398 /* GlobalSelection.h */,
				8A6ED40A26445F1D00967398 /* Info.plist */,
			);
			path = GlobalSelection;
			sourceTree = "<group>";
		};
		8AF8933126447C0700087DBA /* UI */ = {
			isa = PBXGroup;
			children = (
				8AC338CF26433E4E00577BA3 /* MainMenu.xib */,
				8AF8932F26447C0200087DBA /* Preferences.storyboard */,
			);
			path = UI;
			sourceTree = "<group>";
		};
		8AF893362646098600087DBA /* Frameworks */ = {
			isa = PBXGroup;
			children = (
				8AF893372646098600087DBA /* HotKey.xcframework */,
			);
			name = Frameworks;
			sourceTree = "<group>";
		};
		8AF8933C26460A9300087DBA /* Preferences */ = {
			isa = PBXGroup;
			children = (
				8AF8933226447C1900087DBA /* PreferencesViewController.swift */,
				8AF8934126460E6A00087DBA /* PreferencesWindow.swift */,
				8AF893432646136D00087DBA /* KeyBindField.swift */,
			);
			path = Preferences;
			sourceTree = "<group>";
		};
		8AFB383726431586007943DC = {
			isa = PBXGroup;
			children = (
				8AFB384226431586007943DC /* TextEater */,
				8A6ED40826445F1D00967398 /* GlobalSelection */,
				8AFB384126431586007943DC /* Products */,
				8AF893362646098600087DBA /* Frameworks */,
			);
			sourceTree = "<group>";
		};
		8AFB384126431586007943DC /* Products */ = {
			isa = PBXGroup;
			children = (
				8AFB384026431586007943DC /* TextEater.app */,
				8A6ED40726445F1D00967398 /* GlobalSelection.framework */,
			);
			name = Products;
			sourceTree = "<group>";
		};
		8AFB384226431586007943DC /* TextEater */ = {
			isa = PBXGroup;
			children = (
				8AFB384726431588007943DC /* Assets.xcassets */,
				8AFB384326431586007943DC /* AppDelegate.swift */,
				8AF8933C26460A9300087DBA /* Preferences */,
				8AF89334264482B600087DBA /* StatusBarManager.swift */,
				8AF8933126447C0700087DBA /* UI */,
				8AFB384C26431588007943DC /* Info.plist */,
				8AFB384D26431588007943DC /* TextEater.entitlements */,
				8AF8933D26460B1F00087DBA /* Storage.swift */,
				8AF8933F26460B3E00087DBA /* GlobalKeybindPreferences.swift */,
			);
			path = TextEater;
			sourceTree = "<group>";
		};
		8AFD1A0B26446B92004AAECE /* Preview */ = {
			isa = PBXGroup;
			children = (
				8AFD1A0726446813004AAECE /* PreviewWindow.swift */,
				8AFD1A0926446B8E004AAECE /* PreviewImageView.swift */,
			);
			path = Preview;
			sourceTree = "<group>";
		};
		8AFD1A0C26446B98004AAECE /* Selection */ = {
			isa = PBXGroup;
			children = (
				8AC338D126433EE800577BA3 /* SelectionHandler.swift */,
				8A6ED3FD264458B600967398 /* SelectionView.swift */,
				8A6ED40026445BE200967398 /* SelectionWindow.swift */,
			);
			path = Selection;
			sourceTree = "<group>";
		};
/* End PBXGroup section */

/* Begin PBXHeadersBuildPhase section */
		8A6ED40226445F1D00967398 /* Headers */ = {
			isa = PBXHeadersBuildPhase;
			buildActionMask = 2147483647;
			files = (
				8A6ED40B26445F1D00967398 /* GlobalSelection.h in Headers */,
			);
			runOnlyForDeploymentPostprocessing = 0;
		};
/* End PBXHeadersBuildPhase section */

/* Begin PBXNativeTarget section */
		8A6ED40626445F1D00967398 /* GlobalSelection */ = {
			isa = PBXNativeTarget;
			buildConfigurationList = 8A6ED41026445F1D00967398 /* Build configuration list for PBXNativeTarget "GlobalSelection" */;
			buildPhases = (
				8A6ED40226445F1D00967398 /* Headers */,
				8A6ED40326445F1D00967398 /* Sources */,
				8A6ED40426445F1D00967398 /* Frameworks */,
				8A6ED40526445F1D00967398 /* Resources */,
			);
			buildRules = (
			);
			dependencies = (
			);
			name = GlobalSelection;
			productName = GlobalSelection;
			productReference = 8A6ED40726445F1D00967398 /* GlobalSelection.framework */;
			productType = "com.apple.product-type.framework";
		};
		8AFB383F26431586007943DC /* TextEater */ = {
			isa = PBXNativeTarget;
			buildConfigurationList = 8AFB385026431588007943DC /* Build configuration list for PBXNativeTarget "TextEater" */;
			buildPhases = (
				8AFB383C26431586007943DC /* Sources */,
				8AFB383D26431586007943DC /* Frameworks */,
				8AFB383E26431586007943DC /* Resources */,
				8A6ED41326445F1D00967398 /* Embed Frameworks */,
			);
			buildRules = (
			);
			dependencies = (
				8A6ED40D26445F1D00967398 /* PBXTargetDependency */,
			);
			name = TextEater;
			productName = TextEater;
			productReference = 8AFB384026431586007943DC /* TextEater.app */;
			productType = "com.apple.product-type.application";
		};
/* End PBXNativeTarget section */

/* Begin PBXProject section */
		8AFB383826431586007943DC /* Project object */ = {
			isa = PBXProject;
			attributes = {
				LastSwiftUpdateCheck = 1250;
				LastUpgradeCheck = 1250;
				TargetAttributes = {
					8A6ED40626445F1D00967398 = {
						CreatedOnToolsVersion = 12.5;
					};
					8AFB383F26431586007943DC = {
						CreatedOnToolsVersion = 12.5;
					};
				};
			};
			buildConfigurationList = 8AFB383B26431586007943DC /* Build configuration list for PBXProject "TextEater" */;
			compatibilityVersion = "Xcode 9.3";
			developmentRegion = en;
			hasScannedForEncodings = 0;
			knownRegions = (
				en,
				Base,
			);
			mainGroup = 8AFB383726431586007943DC;
			productRefGroup = 8AFB384126431586007943DC /* Products */;
			projectDirPath = "";
			projectRoot = "";
			targets = (
				8AFB383F26431586007943DC /* TextEater */,
				8A6ED40626445F1D00967398 /* GlobalSelection */,
			);
		};
/* End PBXProject section */

/* Begin PBXResourcesBuildPhase section */
		8A6ED40526445F1D00967398 /* Resources */ = {
			isa = PBXResourcesBuildPhase;
			buildActionMask = 2147483647;
			files = (
			);
			runOnlyForDeploymentPostprocessing = 0;
		};
		8AFB383E26431586007943DC /* Resources */ = {
			isa = PBXResourcesBuildPhase;
			buildActionMask = 2147483647;
			files = (
				8AF8933026447C0200087DBA /* Preferences.storyboard in Resources */,
				8AFB384826431588007943DC /* Assets.xcassets in Resources */,
				8AC338D026433E4E00577BA3 /* MainMenu.xib in Resources */,
			);
			runOnlyForDeploymentPostprocessing = 0;
		};
/* End PBXResourcesBuildPhase section */

/* Begin PBXSourcesBuildPhase section */
		8A6ED40326445F1D00967398 /* Sources */ = {
			isa = PBXSourcesBuildPhase;
			buildActionMask = 2147483647;
			files = (
				8AFD1A0826446813004AAECE /* PreviewWindow.swift in Sources */,
				8AFD1A0E26446BEC004AAECE /* Extensions.swift in Sources */,
				8A6ED41426445F3200967398 /* SelectionWindow.swift in Sources */,
				8AFD1A0A26446B8E004AAECE /* PreviewImageView.swift in Sources */,
				8A6ED41526445F3200967398 /* SelectionHandler.swift in Sources */,
				8A6ED41626445F3200967398 /* SelectionView.swift in Sources */,
			);
			runOnlyForDeploymentPostprocessing = 0;
		};
		8AFB383C26431586007943DC /* Sources */ = {
			isa = PBXSourcesBuildPhase;
			buildActionMask = 2147483647;
			files = (
				8AF89335264482B600087DBA /* StatusBarManager.swift in Sources */,
				8AFB384426431586007943DC /* AppDelegate.swift in Sources */,
				8AF8933326447C1900087DBA /* PreferencesViewController.swift in Sources */,
				8AF8934026460B3E00087DBA /* GlobalKeybindPreferences.swift in Sources */,
				8AF8934226460E6A00087DBA /* PreferencesWindow.swift in Sources */,
				8AF8933E26460B1F00087DBA /* Storage.swift in Sources */,
				8AF893442646136D00087DBA /* KeyBindField.swift in Sources */,
			);
			runOnlyForDeploymentPostprocessing = 0;
		};
/* End PBXSourcesBuildPhase section */

/* Begin PBXTargetDependency section */
		8A6ED40D26445F1D00967398 /* PBXTargetDependency */ = {
			isa = PBXTargetDependency;
			target = 8A6ED40626445F1D00967398 /* GlobalSelection */;
			targetProxy = 8A6ED40C26445F1D00967398 /* PBXContainerItemProxy */;
		};
/* End PBXTargetDependency section */

/* Begin XCBuildConfiguration section */
		8A6ED41126445F1D00967398 /* Debug */ = {
			isa = XCBuildConfiguration;
			buildSettings = {
				CODE_SIGN_STYLE = Automatic;
				COMBINE_HIDPI_IMAGES = YES;
				CURRENT_PROJECT_VERSION = 1;
				DEFINES_MODULE = YES;
				DEVELOPMENT_TEAM = 52B5TC74Y7;
				DYLIB_COMPATIBILITY_VERSION = 1;
				DYLIB_CURRENT_VERSION = 1;
				DYLIB_INSTALL_NAME_BASE = "@rpath";
				INFOPLIST_FILE = GlobalSelection/Info.plist;
				INSTALL_PATH = "$(LOCAL_LIBRARY_DIR)/Frameworks";
				LD_RUNPATH_SEARCH_PATHS = (
					"$(inherited)",
					"@executable_path/../Frameworks",
					"@loader_path/Frameworks",
				);
				MACOSX_DEPLOYMENT_TARGET = 11.1;
				PRODUCT_BUNDLE_IDENTIFIER = kbrleson.GlobalSelection;
				PRODUCT_NAME = "$(TARGET_NAME:c99extidentifier)";
				SKIP_INSTALL = YES;
				SWIFT_OBJC_BRIDGING_HEADER = "";
				SWIFT_VERSION = 5.0;
				VERSIONING_SYSTEM = "apple-generic";
				VERSION_INFO_PREFIX = "";
			};
			name = Debug;
		};
		8A6ED41226445F1D00967398 /* Release */ = {
			isa = XCBuildConfiguration;
			buildSettings = {
				CODE_SIGN_STYLE = Automatic;
				COMBINE_HIDPI_IMAGES = YES;
				CURRENT_PROJECT_VERSION = 1;
				DEFINES_MODULE = YES;
				DEVELOPMENT_TEAM = 52B5TC74Y7;
				DYLIB_COMPATIBILITY_VERSION = 1;
				DYLIB_CURRENT_VERSION = 1;
				DYLIB_INSTALL_NAME_BASE = "@rpath";
				INFOPLIST_FILE = GlobalSelection/Info.plist;
				INSTALL_PATH = "$(LOCAL_LIBRARY_DIR)/Frameworks";
				LD_RUNPATH_SEARCH_PATHS = (
					"$(inherited)",
					"@executable_path/../Frameworks",
					"@loader_path/Frameworks",
				);
				MACOSX_DEPLOYMENT_TARGET = 11.1;
				PRODUCT_BUNDLE_IDENTIFIER = kbrleson.GlobalSelection;
				PRODUCT_NAME = "$(TARGET_NAME:c99extidentifier)";
				SKIP_INSTALL = YES;
				SWIFT_OBJC_BRIDGING_HEADER = "";
				SWIFT_VERSION = 5.0;
				VERSIONING_SYSTEM = "apple-generic";
				VERSION_INFO_PREFIX = "";
			};
			name = Release;
		};
		8AFB384E26431588007943DC /* Debug */ = {
			isa = XCBuildConfiguration;
			buildSettings = {
				ALWAYS_SEARCH_USER_PATHS = NO;
				CLANG_ANALYZER_NONNULL = YES;
				CLANG_ANALYZER_NUMBER_OBJECT_CONVERSION = YES_AGGRESSIVE;
				CLANG_CXX_LANGUAGE_STANDARD = "gnu++14";
				CLANG_CXX_LIBRARY = "libc++";
				CLANG_ENABLE_MODULES = YES;
				CLANG_ENABLE_OBJC_ARC = YES;
				CLANG_ENABLE_OBJC_WEAK = YES;
				CLANG_WARN_BLOCK_CAPTURE_AUTORELEASING = YES;
				CLANG_WARN_BOOL_CONVERSION = YES;
				CLANG_WARN_COMMA = YES;
				CLANG_WARN_CONSTANT_CONVERSION = YES;
				CLANG_WARN_DEPRECATED_OBJC_IMPLEMENTATIONS = YES;
				CLANG_WARN_DIRECT_OBJC_ISA_USAGE = YES_ERROR;
				CLANG_WARN_DOCUMENTATION_COMMENTS = YES;
				CLANG_WARN_EMPTY_BODY = YES;
				CLANG_WARN_ENUM_CONVERSION = YES;
				CLANG_WARN_INFINITE_RECURSION = YES;
				CLANG_WARN_INT_CONVERSION = YES;
				CLANG_WARN_NON_LITERAL_NULL_CONVERSION = YES;
				CLANG_WARN_OBJC_IMPLICIT_RETAIN_SELF = YES;
				CLANG_WARN_OBJC_LITERAL_CONVERSION = YES;
				CLANG_WARN_OBJC_ROOT_CLASS = YES_ERROR;
				CLANG_WARN_QUOTED_INCLUDE_IN_FRAMEWORK_HEADER = YES;
				CLANG_WARN_RANGE_LOOP_ANALYSIS = YES;
				CLANG_WARN_STRICT_PROTOTYPES = YES;
				CLANG_WARN_SUSPICIOUS_MOVE = YES;
				CLANG_WARN_UNGUARDED_AVAILABILITY = YES_AGGRESSIVE;
				CLANG_WARN_UNREACHABLE_CODE = YES;
				CLANG_WARN__DUPLICATE_METHOD_MATCH = YES;
				COPY_PHASE_STRIP = NO;
				DEBUG_INFORMATION_FORMAT = dwarf;
				ENABLE_STRICT_OBJC_MSGSEND = YES;
				ENABLE_TESTABILITY = YES;
				GCC_C_LANGUAGE_STANDARD = gnu11;
				GCC_DYNAMIC_NO_PIC = NO;
				GCC_NO_COMMON_BLOCKS = YES;
				GCC_OPTIMIZATION_LEVEL = 0;
				GCC_PREPROCESSOR_DEFINITIONS = (
					"DEBUG=1",
					"$(inherited)",
				);
				GCC_WARN_64_TO_32_BIT_CONVERSION = YES;
				GCC_WARN_ABOUT_RETURN_TYPE = YES_ERROR;
				GCC_WARN_UNDECLARED_SELECTOR = YES;
				GCC_WARN_UNINITIALIZED_AUTOS = YES_AGGRESSIVE;
				GCC_WARN_UNUSED_FUNCTION = YES;
				GCC_WARN_UNUSED_VARIABLE = YES;
				MACOSX_DEPLOYMENT_TARGET = 11.2;
				MTL_ENABLE_DEBUG_INFO = INCLUDE_SOURCE;
				MTL_FAST_MATH = YES;
				ONLY_ACTIVE_ARCH = YES;
				SDKROOT = macosx;
				SWIFT_ACTIVE_COMPILATION_CONDITIONS = DEBUG;
				SWIFT_OPTIMIZATION_LEVEL = "-Onone";
			};
			name = Debug;
		};
		8AFB384F26431588007943DC /* Release */ = {
			isa = XCBuildConfiguration;
			buildSettings = {
				ALWAYS_SEARCH_USER_PATHS = NO;
				CLANG_ANALYZER_NONNULL = YES;
				CLANG_ANALYZER_NUMBER_OBJECT_CONVERSION = YES_AGGRESSIVE;
				CLANG_CXX_LANGUAGE_STANDARD = "gnu++14";
				CLANG_CXX_LIBRARY = "libc++";
				CLANG_ENABLE_MODULES = YES;
				CLANG_ENABLE_OBJC_ARC = YES;
				CLANG_ENABLE_OBJC_WEAK = YES;
				CLANG_WARN_BLOCK_CAPTURE_AUTORELEASING = YES;
				CLANG_WARN_BOOL_CONVERSION = YES;
				CLANG_WARN_COMMA = YES;
				CLANG_WARN_CONSTANT_CONVERSION = YES;
				CLANG_WARN_DEPRECATED_OBJC_IMPLEMENTATIONS = YES;
				CLANG_WARN_DIRECT_OBJC_ISA_USAGE = YES_ERROR;
				CLANG_WARN_DOCUMENTATION_COMMENTS = YES;
				CLANG_WARN_EMPTY_BODY = YES;
				CLANG_WARN_ENUM_CONVERSION = YES;
				CLANG_WARN_INFINITE_RECURSION = YES;
				CLANG_WARN_INT_CONVERSION = YES;
				CLANG_WARN_NON_LITERAL_NULL_CONVERSION = YES;
				CLANG_WARN_OBJC_IMPLICIT_RETAIN_SELF = YES;
				CLANG_WARN_OBJC_LITERAL_CONVERSION = YES;
				CLANG_WARN_OBJC_ROOT_CLASS = YES_ERROR;
				CLANG_WARN_QUOTED_INCLUDE_IN_FRAMEWORK_HEADER = YES;
				CLANG_WARN_RANGE_LOOP_ANALYSIS = YES;
				CLANG_WARN_STRICT_PROTOTYPES = YES;
				CLANG_WARN_SUSPICIOUS_MOVE = YES;
				CLANG_WARN_UNGUARDED_AVAILABILITY = YES_AGGRESSIVE;
				CLANG_WARN_UNREACHABLE_CODE = YES;
				CLANG_WARN__DUPLICATE_METHOD_MATCH = YES;
				COPY_PHASE_STRIP = NO;
				DEBUG_INFORMATION_FORMAT = "dwarf-with-dsym";
				ENABLE_NS_ASSERTIONS = NO;
				ENABLE_STRICT_OBJC_MSGSEND = YES;
				GCC_C_LANGUAGE_STANDARD = gnu11;
				GCC_NO_COMMON_BLOCKS = YES;
				GCC_WARN_64_TO_32_BIT_CONVERSION = YES;
				GCC_WARN_ABOUT_RETURN_TYPE = YES_ERROR;
				GCC_WARN_UNDECLARED_SELECTOR = YES;
				GCC_WARN_UNINITIALIZED_AUTOS = YES_AGGRESSIVE;
				GCC_WARN_UNUSED_FUNCTION = YES;
				GCC_WARN_UNUSED_VARIABLE = YES;
				MACOSX_DEPLOYMENT_TARGET = 11.2;
				MTL_ENABLE_DEBUG_INFO = NO;
				MTL_FAST_MATH = YES;
				SDKROOT = macosx;
				SWIFT_COMPILATION_MODE = wholemodule;
				SWIFT_OPTIMIZATION_LEVEL = "-O";
			};
			name = Release;
		};
		8AFB385126431588007943DC /* Debug */ = {
			isa = XCBuildConfiguration;
			buildSettings = {
				ALWAYS_EMBED_SWIFT_STANDARD_LIBRARIES = YES;
				ASSETCATALOG_COMPILER_APPICON_NAME = AppIcon;
				ASSETCATALOG_COMPILER_GLOBAL_ACCENT_COLOR_NAME = AccentColor;
				CODE_SIGN_ENTITLEMENTS = TextEater/TextEater.entitlements;
				CODE_SIGN_STYLE = Automatic;
				COMBINE_HIDPI_IMAGES = YES;
				CURRENT_PROJECT_VERSION = 2;
				DEVELOPMENT_TEAM = 52B5TC74Y7;
				ENABLE_HARDENED_RUNTIME = YES;
				INFOPLIST_FILE = TextEater/Info.plist;
				LD_RUNPATH_SEARCH_PATHS = (
					"$(inherited)",
					"@executable_path/../Frameworks",
				);
				MACOSX_DEPLOYMENT_TARGET = 11.1;
				PRODUCT_BUNDLE_IDENTIFIER = kbrleson.TextEater;
				PRODUCT_NAME = "$(TARGET_NAME)";
				SWIFT_VERSION = 5.0;
			};
			name = Debug;
		};
		8AFB385226431588007943DC /* Release */ = {
			isa = XCBuildConfiguration;
			buildSettings = {
				ALWAYS_EMBED_SWIFT_STANDARD_LIBRARIES = YES;
				ASSETCATALOG_COMPILER_APPICON_NAME = AppIcon;
				ASSETCATALOG_COMPILER_GLOBAL_ACCENT_COLOR_NAME = AccentColor;
				CODE_SIGN_ENTITLEMENTS = TextEater/TextEater.entitlements;
				CODE_SIGN_STYLE = Automatic;
				COMBINE_HIDPI_IMAGES = YES;
				CURRENT_PROJECT_VERSION = 2;
				DEVELOPMENT_TEAM = 52B5TC74Y7;
				ENABLE_HARDENED_RUNTIME = YES;
				INFOPLIST_FILE = TextEater/Info.plist;
				LD_RUNPATH_SEARCH_PATHS = (
					"$(inherited)",
					"@executable_path/../Frameworks",
				);
				MACOSX_DEPLOYMENT_TARGET = 11.1;
				PRODUCT_BUNDLE_IDENTIFIER = kbrleson.TextEater;
				PRODUCT_NAME = "$(TARGET_NAME)";
				SWIFT_VERSION = 5.0;
			};
			name = Release;
		};
/* End XCBuildConfiguration section */

/* Begin XCConfigurationList section */
		8A6ED41026445F1D00967398 /* Build configuration list for PBXNativeTarget "GlobalSelection" */ = {
			isa = XCConfigurationList;
			buildConfigurations = (
				8A6ED41126445F1D00967398 /* Debug */,
				8A6ED41226445F1D00967398 /* Release */,
			);
			defaultConfigurationIsVisible = 0;
			defaultConfigurationName = Release;
		};
		8AFB383B26431586007943DC /* Build configuration list for PBXProject "TextEater" */ = {
			isa = XCConfigurationList;
			buildConfigurations = (
				8AFB384E26431588007943DC /* Debug */,
				8AFB384F26431588007943DC /* Release */,
			);
			defaultConfigurationIsVisible = 0;
			defaultConfigurationName = Release;
		};
		8AFB385026431588007943DC /* Build configuration list for PBXNativeTarget "TextEater" */ = {
			isa = XCConfigurationList;
			buildConfigurations = (
				8AFB385126431588007943DC /* Debug */,
				8AFB385226431588007943DC /* Release */,
			);
			defaultConfigurationIsVisible = 0;
			defaultConfigurationName = Release;
		};
/* End XCConfigurationList section */
	};
	rootObject = 8AFB383826431586007943DC /* Project object */;
}
